PODS:
  - Flutter (1.0.0)
  - MarketingCloudSDK (7.6.0)
  - sfmc_plugin (2.0.1):
    - Flutter
    - MarketingCloudSDK (~> 7.6)
  - shared_preferences_ios (0.0.1):
    - Flutter
  - uni_links (0.0.1):
    - Flutter

DEPENDENCIES:
  - Flutter (from `Flutter`)
  - sfmc_plugin (from `.symlinks/plugins/sfmc_plugin/ios`)
  - shared_preferences_ios (from `.symlinks/plugins/shared_preferences_ios/ios`)
  - uni_links (from `.symlinks/plugins/uni_links/ios`)

SPEC REPOS:
  trunk:
    - MarketingCloudSDK

EXTERNAL SOURCES:
  Flutter:
    :path: Flutter
  sfmc_plugin:
    :path: ".symlinks/plugins/sfmc_plugin/ios"
  shared_preferences_ios:
    :path: ".symlinks/plugins/shared_preferences_ios/ios"
  uni_links:
    :path: ".symlinks/plugins/uni_links/ios"

SPEC CHECKSUMS:
  Flutter: 50d75fe2f02b26cc09d224853bb45737f8b3214a
  MarketingCloudSDK: 8a81c3d08499e69c27bc32798fc81a68a51e2e67
  sfmc_plugin: 996dbc02c0b412c12b54b6ed031bb74dda9b908b
  shared_preferences_ios: 548a61f8053b9b8a49ac19c1ffbc8b92c50d68ad
  uni_links: d97da20c7701486ba192624d99bffaaffcfc298a

PODFILE CHECKSUM: 3f8e17b1a2f30746d702195d8b0db95e1358247d

COCOAPODS: 1.11.3
